PODS:
  - AHContainer (0.2.2):
    - ALEither
  - ALEither (0.1.6)

DEPENDENCIES:
  - AHContainer (from `../`)

SPEC REPOS:
  https://github.com/cocoapods/specs.git:
    - ALEither

EXTERNAL SOURCES:
  AHContainer:
    :path: "../"

SPEC CHECKSUMS:
  AHContainer: 870bb0204341298f60d40eacb6185c6a7e41a4ef
  ALEither: f9a44e33ec55df529b8202ae7683df126c6d3329

PODFILE CHECKSUM: 837d44bd806b730d8c50578d68870f37a58ef343

COCOAPODS: 1.6.1
